
Microsoft Visual Studio Solution File, Format Version 12.00
# Visual Studio 15
VisualStudioVersion = 15.0.27004.2008
MinimumVisualStudioVersion = 10.0.40219.1
Project("{FAE04EC0-301F-11D3-BF4B-00C04F79EFBC}") = "AoC2017", "AoC2017.csproj", "{65C38ECC-6E57-4059-B260-3CCD1858D141}"
EndProject
Global
	GlobalSection(SolutionConfigurationPlatforms) = preSolution
		Debug|Any CPU = Debug|Any CPU
		Release|Any CPU = Release|Any CPU
	EndGlobalSection
	GlobalSection(ProjectConfigurationPlatforms) = postSolution
		{65C38ECC-6E57-4059-B260-3CCD1858D141}.Debug|Any CPU.ActiveCfg = Debug|Any CPU
		{65C38ECC-6E57-4059-B260-3CCD1858D141}.Debug|Any CPU.Build.0 = Debug|Any CPU
		{65C38ECC-6E57-4059-B260-3CCD1858D141}.Release|Any CPU.ActiveCfg = Release|Any CPU
		{65C38ECC-6E57-4059-B260-3CCD1858D141}.Release|Any CPU.Build.0 = Release|Any CPU
	EndGlobalSection
	GlobalSection(SolutionProperties) = preSolution
		HideSolutionNode = FALSE
	EndGlobalSection
	GlobalSection(ExtensibilityGlobals) = postSolution
		SolutionGuid = {2C6D8265-F9F4-4145-A7AB-C55F47BE47CF}
	EndGlobalSection
EndGlobal
